// !$*UTF8*$!
{
	archiveVersion = 1;
	classes = {
	};
	objectVersion = 46;
	objects = {

/* Begin PBXBuildFile section */
		2F8FE66C1C4F7B6600D0BE7B /* AppDelegate.swift in Sources */ = {isa = PBXBuildFile; fileRef = 2F8FE66B1C4F7B6600D0BE7B /* AppDelegate.swift */; };
		2F8FE66E1C4F7B6600D0BE7B /* ViewController.swift in Sources */ = {isa = PBXBuildFile; fileRef = 2F8FE66D1C4F7B6600D0BE7B /* ViewController.swift */; };
		2F8FE6711C4F7B6600D0BE7B /* Main.storyboard in Resources */ = {isa = PBXBuildFile; fileRef = 2F8FE66F1C4F7B6600D0BE7B /* Main.storyboard */; };
		2F8FE6731C4F7B6600D0BE7B /* Assets.xcassets in Resources */ = {isa = PBXBuildFile; fileRef = 2F8FE6721C4F7B6600D0BE7B /* Assets.xcassets */; };
		2F8FE6761C4F7B6600D0BE7B /* LaunchScreen.storyboard in Resources */ = {isa = PBXBuildFile; fileRef = 2F8FE6741C4F7B6600D0BE7B /* LaunchScreen.storyboard */; };
		2F8FE67E1C50CEC400D0BE7B /* pokemon.csv in Resources */ = {isa = PBXBuildFile; fileRef = 2F8FE67D1C50CEC400D0BE7B /* pokemon.csv */; };
/* End PBXBuildFile section */

/* Begin PBXFileReference section */
		2F8FE6681C4F7B6600D0BE7B /* pokedex-by-gemkatstudios.app */ = {isa = PBXFileReference; explicitFileType = wrapper.application; includeInIndex = 0; path = "pokedex-by-gemkatstudios.app"; sourceTree = BUILT_PRODUCTS_DIR; };
		2F8FE66B1C4F7B6600D0BE7B /* AppDelegate.swift */ = {isa = PBXFileReference; lastKnownFileType = sourcecode.swift; path = AppDelegate.swift; sourceTree = "<group>"; };
		2F8FE66D1C4F7B6600D0BE7B /* ViewController.swift */ = {isa = PBXFileReference; lastKnownFileType = sourcecode.swift; path = ViewController.swift; sourceTree = "<group>"; };
		2F8FE6701C4F7B6600D0BE7B /* Base */ = {isa = PBXFileReference; lastKnownFileType = file.storyboard; name = Base; path = Base.lproj/Main.storyboard; sourceTree = "<group>"; };
		2F8FE6721C4F7B6600D0BE7B /* Assets.xcassets */ = {isa = PBXFileReference; lastKnownFileType = folder.assetcatalog; path = Assets.xcassets; sourceTree = "<group>"; };
		2F8FE6751C4F7B6600D0BE7B /* Base */ = {isa = PBXFileReference; lastKnownFileType = file.storyboard; name = Base; path = Base.lproj/LaunchScreen.storyboard; sourceTree = "<group>"; };
		2F8FE6771C4F7B6600D0BE7B /* Info.plist */ = {isa = PBXFileReference; lastKnownFileType = text.plist.xml; path = Info.plist; sourceTree = "<group>"; };
		2F8FE67D1C50CEC400D0BE7B /* pokemon.csv */ = {isa = PBXFileReference; fileEncoding = 4; lastKnownFileType = text; path = pokemon.csv; sourceTree = "<group>"; };
/* End PBXFileReference section */

/* Begin PBXFrameworksBuildPhase section */
		2F8FE6651C4F7B6600D0BE7B /* Frameworks */ = {
			isa = PBXFrameworksBuildPhase;
			buildActionMask = 2147483647;
			files = (
			);
			runOnlyForDeploymentPostprocessing = 0;
		};
/* End PBXFrameworksBuildPhase section */

/* Begin PBXGroup section */
		2F8FE65F1C4F7B6600D0BE7B = {
			isa = PBXGroup;
			children = (
				2F8FE66A1C4F7B6600D0BE7B /* pokedex-by-gemkatstudios */,
				2F8FE6691C4F7B6600D0BE7B /* Products */,
			);
			sourceTree = "<group>";
		};
		2F8FE6691C4F7B6600D0BE7B /* Products */ = {
			isa = PBXGroup;
			children = (
				2F8FE6681C4F7B6600D0BE7B /* pokedex-by-gemkatstudios.app */,
			);
			name = Products;
			sourceTree = "<group>";
		};
		2F8FE66A1C4F7B6600D0BE7B /* pokedex-by-gemkatstudios */ = {
			isa = PBXGroup;
			children = (
				2F8FE66B1C4F7B6600D0BE7B /* AppDelegate.swift */,
				2F8FE66D1C4F7B6600D0BE7B /* ViewController.swift */,
				2F8FE67D1C50CEC400D0BE7B /* pokemon.csv */,
				2F8FE66F1C4F7B6600D0BE7B /* Main.storyboard */,
				2F8FE6721C4F7B6600D0BE7B /* Assets.xcassets */,
				2F8FE6741C4F7B6600D0BE7B /* LaunchScreen.storyboard */,
				2F8FE6771C4F7B6600D0BE7B /* Info.plist */,
			);
			path = "pokedex-by-gemkatstudios";
			sourceTree = "<group>";
		};
/* End PBXGroup section */

/* Begin PBXNativeTarget section */
		2F8FE6671C4F7B6600D0BE7B /* pokedex-by-gemkatstudios */ = {
			isa = PBXNativeTarget;
			buildConfigurationList = 2F8FE67A1C4F7B6600D0BE7B /* Build configuration list for PBXNativeTarget "pokedex-by-gemkatstudios" */;
			buildPhases = (
				2F8FE6641C4F7B6600D0BE7B /* Sources */,
				2F8FE6651C4F7B6600D0BE7B /* Frameworks */,
				2F8FE6661C4F7B6600D0BE7B /* Resources */,
			);
			buildRules = (
			);
			dependencies = (
			);
			name = "pokedex-by-gemkatstudios";
			productName = "pokedex-by-gemkatstudios";
			productReference = 2F8FE6681C4F7B6600D0BE7B /* pokedex-by-gemkatstudios.app */;
			productType = "com.apple.product-type.application";
		};
/* End PBXNativeTarget section */

/* Begin PBXProject section */
		2F8FE6601C4F7B6600D0BE7B /* Project object */ = {
			isa = PBXProject;
			attributes = {
				LastSwiftUpdateCheck = 0720;
				LastUpgradeCheck = 0720;
				ORGANIZATIONNAME = "GemKat Studios";
				TargetAttributes = {
					2F8FE6671C4F7B6600D0BE7B = {
						CreatedOnToolsVersion = 7.2;
					};
				};
			};
			buildConfigurationList = 2F8FE6631C4F7B6600D0BE7B /* Build configuration list for PBXProject "pokedex-by-gemkatstudios" */;
			compatibilityVersion = "Xcode 3.2";
			developmentRegion = English;
			hasScannedForEncodings = 0;
			knownRegions = (
				en,
				Base,
			);
			mainGroup = 2F8FE65F1C4F7B6600D0BE7B;
			productRefGroup = 2F8FE6691C4F7B6600D0BE7B /* Products */;
			projectDirPath = "";
			projectRoot = "";
			targets = (
				2F8FE6671C4F7B6600D0BE7B /* pokedex-by-gemkatstudios */,
			);
		};
/* End PBXProject section */

/* Begin PBXResourcesBuildPhase section */
		2F8FE6661C4F7B6600D0BE7B /* Resources */ = {
			isa = PBXResourcesBuildPhase;
			buildActionMask = 2147483647;
			files = (
				2F8FE6761C4F7B6600D0BE7B /* LaunchScreen.storyboard in Resources */,
				2F8FE6731C4F7B6600D0BE7B /* Assets.xcassets in Resources */,
				2F8FE67E1C50CEC400D0BE7B /* pokemon.csv in Resources */,
				2F8FE6711C4F7B6600D0BE7B /* Main.storyboard in Resources */,
			);
			runOnlyForDeploymentPostprocessing = 0;
		};
/* End PBXResourcesBuildPhase section */

/* Begin PBXSourcesBuildPhase section */
		2F8FE6641C4F7B6600D0BE7B /* Sources */ = {
			isa = PBXSourcesBuildPhase;
			buildActionMask = 2147483647;
			files = (
				2F8FE66E1C4F7B6600D0BE7B /* ViewController.swift in Sources */,
				2F8FE66C1C4F7B6600D0BE7B /* AppDelegate.swift in Sources */,
			);
			runOnlyForDeploymentPostprocessing = 0;
		};
/* End PBXSourcesBuildPhase section */

/* Begin PBXVariantGroup section */
		2F8FE66F1C4F7B6600D0BE7B /* Main.storyboard */ = {
			isa = PBXVariantGroup;
			children = (
				2F8FE6701C4F7B6600D0BE7B /* Base */,
			);
			name = Main.storyboard;
			sourceTree = "<group>";
		};
		2F8FE6741C4F7B6600D0BE7B /* LaunchScreen.storyboard */ = {
			isa = PBXVariantGroup;
			children = (
				2F8FE6751C4F7B6600D0BE7B /* Base */,
			);
			name = LaunchScreen.storyboard;
			sourceTree = "<group>";
		};
/* End PBXVariantGroup section */

/* Begin XCBuildConfiguration section */
		2F8FE6781C4F7B6600D0BE7B /* Debug */ = {
			isa = XCBuildConfiguration;
			buildSettings = {
				ALWAYS_SEARCH_USER_PATHS = NO;
				CLANG_CXX_LANGUAGE_STANDARD = "gnu++0x";
				CLANG_CXX_LIBRARY = "libc++";
				CLANG_ENABLE_MODULES = YES;
				CLANG_ENABLE_OBJC_ARC = YES;
				CLANG_WARN_BOOL_CONVERSION = YES;
				CLANG_WARN_CONSTANT_CONVERSION = YES;
				CLANG_WARN_DIRECT_OBJC_ISA_USAGE = YES_ERROR;
				CLANG_WARN_EMPTY_BODY = YES;
				CLANG_WARN_ENUM_CONVERSION = YES;
				CLANG_WARN_INT_CONVERSION = YES;
				CLANG_WARN_OBJC_ROOT_CLASS = YES_ERROR;
				CLANG_WARN_UNREACHABLE_CODE = YES;
				CLANG_WARN__DUPLICATE_METHOD_MATCH = YES;
				"CODE_SIGN_IDENTITY[sdk=iphoneos*]" = "iPhone Developer";
				COPY_PHASE_STRIP = NO;
				DEBUG_INFORMATION_FORMAT = dwarf;
				ENABLE_STRICT_OBJC_MSGSEND = YES;
				ENABLE_TESTABILITY = YES;
				GCC_C_LANGUAGE_STANDARD = gnu99;
				GCC_DYNAMIC_NO_PIC = NO;
				GCC_NO_COMMON_BLOCKS = YES;
				GCC_OPTIMIZATION_LEVEL = 0;
				GCC_PREPROCESSOR_DEFINITIONS = (
					"DEBUG=1",
					"$(inherited)",
				);
				GCC_WARN_64_TO_32_BIT_CONVERSION = YES;
				GCC_WARN_ABOUT_RETURN_TYPE = YES_ERROR;
				GCC_WARN_UNDECLARED_SELECTOR = YES;
				GCC_WARN_UNINITIALIZED_AUTOS = YES_AGGRESSIVE;
				GCC_WARN_UNUSED_FUNCTION = YES;
				GCC_WARN_UNUSED_VARIABLE = YES;
				IPHONEOS_DEPLOYMENT_TARGET = 9.2;
				MTL_ENABLE_DEBUG_INFO = YES;
				ONLY_ACTIVE_ARCH = YES;
				SDKROOT = iphoneos;
				SWIFT_OPTIMIZATION_LEVEL = "-Onone";
				TARGETED_DEVICE_FAMILY = "1,2";
			};
			name = Debug;
		};
		2F8FE6791C4F7B6600D0BE7B /* Release */ = {
			isa = XCBuildConfiguration;
			buildSettings = {
				ALWAYS_SEARCH_USER_PATHS = NO;
				CLANG_CXX_LANGUAGE_STANDARD = "gnu++0x";
				CLANG_CXX_LIBRARY = "libc++";
				CLANG_ENABLE_MODULES = YES;
				CLANG_ENABLE_OBJC_ARC = YES;
				CLANG_WARN_BOOL_CONVERSION = YES;
				CLANG_WARN_CONSTANT_CONVERSION = YES;
				CLANG_WARN_DIRECT_OBJC_ISA_USAGE = YES_ERROR;
				CLANG_WARN_EMPTY_BODY = YES;
				CLANG_WARN_ENUM_CONVERSION = YES;
				CLANG_WARN_INT_CONVERSION = YES;
				CLANG_WARN_OBJC_ROOT_CLASS = YES_ERROR;
				CLANG_WARN_UNREACHABLE_CODE = YES;
				CLANG_WARN__DUPLICATE_METHOD_MATCH = YES;
				"CODE_SIGN_IDENTITY[sdk=iphoneos*]" = "iPhone Developer";
				COPY_PHASE_STRIP = NO;
				DEBUG_INFORMATION_FORMAT = "dwarf-with-dsym";
				ENABLE_NS_ASSERTIONS = NO;
				ENABLE_STRICT_OBJC_MSGSEND = YES;
				GCC_C_LANGUAGE_STANDARD = gnu99;
				GCC_NO_COMMON_BLOCKS = YES;
				GCC_WARN_64_TO_32_BIT_CONVERSION = YES;
				GCC_WARN_ABOUT_RETURN_TYPE = YES_ERROR;
				GCC_WARN_UNDECLARED_SELECTOR = YES;
				GCC_WARN_UNINITIALIZED_AUTOS = YES_AGGRESSIVE;
				GCC_WARN_UNUSED_FUNCTION = YES;
				GCC_WARN_UNUSED_VARIABLE = YES;
				IPHONEOS_DEPLOYMENT_TARGET = 9.2;
				MTL_ENABLE_DEBUG_INFO = NO;
				SDKROOT = iphoneos;
				TARGETED_DEVICE_FAMILY = "1,2";
				VALIDATE_PRODUCT = YES;
			};
			name = Release;
		};
		2F8FE67B1C4F7B6600D0BE7B /* Debug */ = {
			isa = XCBuildConfiguration;
			buildSettings = {
				ASSETCATALOG_COMPILER_APPICON_NAME = AppIcon;
				INFOPLIST_FILE = "pokedex-by-gemkatstudios/Info.plist";
				LD_RUNPATH_SEARCH_PATHS = "$(inherited) @executable_path/Frameworks";
				PRODUCT_BUNDLE_IDENTIFIER = "com.gemkat-studios.pokedex-by-gemkatstudios";
				PRODUCT_NAME = "$(TARGET_NAME)";
			};
			name = Debug;
		};
		2F8FE67C1C4F7B6600D0BE7B /* Release */ = {
			isa = XCBuildConfiguration;
			buildSettings = {
				ASSETCATALOG_COMPILER_APPICON_NAME = AppIcon;
				INFOPLIST_FILE = "pokedex-by-gemkatstudios/Info.plist";
				LD_RUNPATH_SEARCH_PATHS = "$(inherited) @executable_path/Frameworks";
				PRODUCT_BUNDLE_IDENTIFIER = "com.gemkat-studios.pokedex-by-gemkatstudios";
				PRODUCT_NAME = "$(TARGET_NAME)";
			};
			name = Release;
		};
/* End XCBuildConfiguration section */

/* Begin XCConfigurationList section */
		2F8FE6631C4F7B6600D0BE7B /* Build configuration list for PBXProject "pokedex-by-gemkatstudios" */ = {
			isa = XCConfigurationList;
			buildConfigurations = (
				2F8FE6781C4F7B6600D0BE7B /* Debug */,
				2F8FE6791C4F7B6600D0BE7B /* Release */,
			);
			defaultConfigurationIsVisible = 0;
			defaultConfigurationName = Release;
		};
		2F8FE67A1C4F7B6600D0BE7B /* Build configuration list for PBXNativeTarget "pokedex-by-gemkatstudios" */ = {
			isa = XCConfigurationList;
			buildConfigurations = (
				2F8FE67B1C4F7B6600D0BE7B /* Debug */,
				2F8FE67C1C4F7B6600D0BE7B /* Release */,
			);
			defaultConfigurationIsVisible = 0;
		};
/* End XCConfigurationList section */
	};
	rootObject = 2F8FE6601C4F7B6600D0BE7B /* Project object */;
}
